
Microsoft Visual Studio Solution File, Format Version 12.00
# Visual Studio 15
VisualStudioVersion = 15.0.28107.0
MinimumVisualStudioVersion = 10.0.40219.1
Project("{8BC9CEB8-8B4A-11D0-8D11-00A0C91BC942}") = "EmployeeArray", "EmployeeArray\EmployeeArray.vcxproj", "{2D65C920-5490-407F-BFD8-F34CB0553421}"
EndProject
Global
	GlobalSection(SolutionConfigurationPlatforms) = preSolution
		Debug|x64 = Debug|x64
		Debug|x86 = Debug|x86
		Release|x64 = Release|x64
		Release|x86 = Release|x86
	EndGlobalSection
	GlobalSection(ProjectConfigurationPlatforms) = postSolution
		{2D65C920-5490-407F-BFD8-F34CB0553421}.Debug|x64.ActiveCfg = Debug|x64
		{2D65C920-5490-407F-BFD8-F34CB0553421}.Debug|x64.Build.0 = Debug|x64
		{2D65C920-5490-407F-BFD8-F34CB0553421}.Debug|x86.ActiveCfg = Debug|Win32
		{2D65C920-5490-407F-BFD8-F34CB0553421}.Debug|x86.Build.0 = Debug|Win32
		{2D65C920-5490-407F-BFD8-F34CB0553421}.Release|x64.ActiveCfg = Release|x64
		{2D65C920-5490-407F-BFD8-F34CB0553421}.Release|x64.Build.0 = Release|x64
		{2D65C920-5490-407F-BFD8-F34CB0553421}.Release|x86.ActiveCfg = Release|Win32
		{2D65C920-5490-407F-BFD8-F34CB0553421}.Release|x86.Build.0 = Release|Win32
	EndGlobalSection
	GlobalSection(SolutionProperties) = preSolution
		HideSolutionNode = FALSE
	EndGlobalSection
	GlobalSection(ExtensibilityGlobals) = postSolution
		SolutionGuid = {08B6923E-D466-476E-BDF2-CBDB2489544E}
	EndGlobalSection
EndGlobal
