
Microsoft Visual Studio Solution File, Format Version 12.00
# Visual Studio 15
VisualStudioVersion = 15.0.28107.0
MinimumVisualStudioVersion = 10.0.40219.1
Project("{8BC9CEB8-8B4A-11D0-8D11-00A0C91BC942}") = "Intro to programming employee class", "Intro to programming employee class\Intro to programming employee class.vcxproj", "{A98BD61D-275F-49D5-912C-5C2C7768AAC1}"
EndProject
Global
	GlobalSection(SolutionConfigurationPlatforms) = preSolution
		Debug|x64 = Debug|x64
		Debug|x86 = Debug|x86
		Release|x64 = Release|x64
		Release|x86 = Release|x86
	EndGlobalSection
	GlobalSection(ProjectConfigurationPlatforms) = postSolution
		{A98BD61D-275F-49D5-912C-5C2C7768AAC1}.Debug|x64.ActiveCfg = Debug|x64
		{A98BD61D-275F-49D5-912C-5C2C7768AAC1}.Debug|x64.Build.0 = Debug|x64
		{A98BD61D-275F-49D5-912C-5C2C7768AAC1}.Debug|x86.ActiveCfg = Debug|Win32
		{A98BD61D-275F-49D5-912C-5C2C7768AAC1}.Debug|x86.Build.0 = Debug|Win32
		{A98BD61D-275F-49D5-912C-5C2C7768AAC1}.Release|x64.ActiveCfg = Release|x64
		{A98BD61D-275F-49D5-912C-5C2C7768AAC1}.Release|x64.Build.0 = Release|x64
		{A98BD61D-275F-49D5-912C-5C2C7768AAC1}.Release|x86.ActiveCfg = Release|Win32
		{A98BD61D-275F-49D5-912C-5C2C7768AAC1}.Release|x86.Build.0 = Release|Win32
	EndGlobalSection
	GlobalSection(SolutionProperties) = preSolution
		HideSolutionNode = FALSE
	EndGlobalSection
	GlobalSection(ExtensibilityGlobals) = postSolution
		SolutionGuid = {3B34FC9A-1FFF-475B-8644-CE51C8391EE6}
	EndGlobalSection
EndGlobal
