
Microsoft Visual Studio Solution File, Format Version 12.00
# Visual Studio 15
VisualStudioVersion = 15.0.28010.2016
MinimumVisualStudioVersion = 10.0.40219.1
Project("{8BC9CEB8-8B4A-11D0-8D11-00A0C91BC942}") = "SDL PRactice", "SDL PRactice\SDL PRactice.vcxproj", "{EF45AC63-60F1-46BF-8296-C565D2E8ED13}"
EndProject
Global
	GlobalSection(SolutionConfigurationPlatforms) = preSolution
		Debug|x64 = Debug|x64
		Debug|x86 = Debug|x86
		Release|x64 = Release|x64
		Release|x86 = Release|x86
	EndGlobalSection
	GlobalSection(ProjectConfigurationPlatforms) = postSolution
		{EF45AC63-60F1-46BF-8296-C565D2E8ED13}.Debug|x64.ActiveCfg = Debug|x64
		{EF45AC63-60F1-46BF-8296-C565D2E8ED13}.Debug|x64.Build.0 = Debug|x64
		{EF45AC63-60F1-46BF-8296-C565D2E8ED13}.Debug|x86.ActiveCfg = Debug|Win32
		{EF45AC63-60F1-46BF-8296-C565D2E8ED13}.Debug|x86.Build.0 = Debug|Win32
		{EF45AC63-60F1-46BF-8296-C565D2E8ED13}.Release|x64.ActiveCfg = Release|x64
		{EF45AC63-60F1-46BF-8296-C565D2E8ED13}.Release|x64.Build.0 = Release|x64
		{EF45AC63-60F1-46BF-8296-C565D2E8ED13}.Release|x86.ActiveCfg = Release|Win32
		{EF45AC63-60F1-46BF-8296-C565D2E8ED13}.Release|x86.Build.0 = Release|Win32
	EndGlobalSection
	GlobalSection(SolutionProperties) = preSolution
		HideSolutionNode = FALSE
	EndGlobalSection
	GlobalSection(ExtensibilityGlobals) = postSolution
		SolutionGuid = {0845ECFF-6C1D-49F6-A2A7-9483A0571F5C}
	EndGlobalSection
EndGlobal
