
Microsoft Visual Studio Solution File, Format Version 12.00
# Visual Studio 15
VisualStudioVersion = 15.0.28010.2016
MinimumVisualStudioVersion = 10.0.40219.1
Project("{8BC9CEB8-8B4A-11D0-8D11-00A0C91BC942}") = "Lab exercise 4 Ethan Williams", "Lab exercise 4 Ethan Williams\Lab exercise 4 Ethan Williams.vcxproj", "{4B67888F-DD1E-4FCB-B26F-CB50AB46C41B}"
EndProject
Global
	GlobalSection(SolutionConfigurationPlatforms) = preSolution
		Debug|x64 = Debug|x64
		Debug|x86 = Debug|x86
		Release|x64 = Release|x64
		Release|x86 = Release|x86
	EndGlobalSection
	GlobalSection(ProjectConfigurationPlatforms) = postSolution
		{4B67888F-DD1E-4FCB-B26F-CB50AB46C41B}.Debug|x64.ActiveCfg = Debug|x64
		{4B67888F-DD1E-4FCB-B26F-CB50AB46C41B}.Debug|x64.Build.0 = Debug|x64
		{4B67888F-DD1E-4FCB-B26F-CB50AB46C41B}.Debug|x86.ActiveCfg = Debug|Win32
		{4B67888F-DD1E-4FCB-B26F-CB50AB46C41B}.Debug|x86.Build.0 = Debug|Win32
		{4B67888F-DD1E-4FCB-B26F-CB50AB46C41B}.Release|x64.ActiveCfg = Release|x64
		{4B67888F-DD1E-4FCB-B26F-CB50AB46C41B}.Release|x64.Build.0 = Release|x64
		{4B67888F-DD1E-4FCB-B26F-CB50AB46C41B}.Release|x86.ActiveCfg = Release|Win32
		{4B67888F-DD1E-4FCB-B26F-CB50AB46C41B}.Release|x86.Build.0 = Release|Win32
	EndGlobalSection
	GlobalSection(SolutionProperties) = preSolution
		HideSolutionNode = FALSE
	EndGlobalSection
	GlobalSection(ExtensibilityGlobals) = postSolution
		SolutionGuid = {C055FEB3-9509-4B9C-BA6C-2E1A77C0A966}
	EndGlobalSection
EndGlobal
